// !$*UTF8*$!
{
	archiveVersion = 1;
	classes = {
	};
	objectVersion = 46;
	objects = {

/* Begin PBXBuildFile section */
		E13DC8F01A6CEBED00CFA5EA /* SecViewController.m in Sources */ = {isa = PBXBuildFile; fileRef = E13DC8EF1A6CEBED00CFA5EA /* SecViewController.m */; };
		E17C68C51A6CEFDB009B1809 /* FirstViewController.m in Sources */ = {isa = PBXBuildFile; fileRef = E17C68C41A6CEFDB009B1809 /* FirstViewController.m */; };
		E1810CD51A5BE30200E4499D /* main.m in Sources */ = {isa = PBXBuildFile; fileRef = E1810CD41A5BE30200E4499D /* main.m */; };
		E1810CD81A5BE30200E4499D /* AppDelegate.m in Sources */ = {isa = PBXBuildFile; fileRef = E1810CD71A5BE30200E4499D /* AppDelegate.m */; };
		E1810CDB1A5BE30200E4499D /* ViewController.m in Sources */ = {isa = PBXBuildFile; fileRef = E1810CDA1A5BE30200E4499D /* ViewController.m */; };
		E1810CDE1A5BE30200E4499D /* Main.storyboard in Resources */ = {isa = PBXBuildFile; fileRef = E1810CDC1A5BE30200E4499D /* Main.storyboard */; };
		E1810CE01A5BE30200E4499D /* Images.xcassets in Resources */ = {isa = PBXBuildFile; fileRef = E1810CDF1A5BE30200E4499D /* Images.xcassets */; };
		E1810CE31A5BE30200E4499D /* LaunchScreen.xib in Resources */ = {isa = PBXBuildFile; fileRef = E1810CE11A5BE30200E4499D /* LaunchScreen.xib */; };
		E1810CEF1A5BE30200E4499D /* CemareTestTests.m in Sources */ = {isa = PBXBuildFile; fileRef = E1810CEE1A5BE30200E4499D /* CemareTestTests.m */; };
/* End PBXBuildFile section */

/* Begin PBXContainerItemProxy section */
		E1810CE91A5BE30200E4499D /* PBXContainerItemProxy */ = {
			isa = PBXContainerItemProxy;
			containerPortal = E1810CC71A5BE30200E4499D /* Project object */;
			proxyType = 1;
			remoteGlobalIDString = E1810CCE1A5BE30200E4499D;
			remoteInfo = CemareTest;
		};
/* End PBXContainerItemProxy section */

/* Begin PBXFileReference section */
		E13DC8EE1A6CEBED00CFA5EA /* SecViewController.h */ = {isa = PBXFileReference; fileEncoding = 4; lastKnownFileType = sourcecode.c.h; path = SecViewController.h; sourceTree = "<group>"; };
		E13DC8EF1A6CEBED00CFA5EA /* SecViewController.m */ = {isa = PBXFileReference; fileEncoding = 4; lastKnownFileType = sourcecode.c.objc; path = SecViewController.m; sourceTree = "<group>"; };
		E17C68C31A6CEFDB009B1809 /* FirstViewController.h */ = {isa = PBXFileReference; fileEncoding = 4; lastKnownFileType = sourcecode.c.h; path = FirstViewController.h; sourceTree = "<group>"; };
		E17C68C41A6CEFDB009B1809 /* FirstViewController.m */ = {isa = PBXFileReference; fileEncoding = 4; lastKnownFileType = sourcecode.c.objc; path = FirstViewController.m; sourceTree = "<group>"; };
		E1810CCF1A5BE30200E4499D /* CemareTest.app */ = {isa = PBXFileReference; explicitFileType = wrapper.application; includeInIndex = 0; path = CemareTest.app; sourceTree = BUILT_PRODUCTS_DIR; };
		E1810CD31A5BE30200E4499D /* Info.plist */ = {isa = PBXFileReference; lastKnownFileType = text.plist.xml; path = Info.plist; sourceTree = "<group>"; };
		E1810CD41A5BE30200E4499D /* main.m */ = {isa = PBXFileReference; lastKnownFileType = sourcecode.c.objc; path = main.m; sourceTree = "<group>"; };
		E1810CD61A5BE30200E4499D /* AppDelegate.h */ = {isa = PBXFileReference; lastKnownFileType = sourcecode.c.h; path = AppDelegate.h; sourceTree = "<group>"; };
		E1810CD71A5BE30200E4499D /* AppDelegate.m */ = {isa = PBXFileReference; lastKnownFileType = sourcecode.c.objc; path = AppDelegate.m; sourceTree = "<group>"; };
		E1810CD91A5BE30200E4499D /* ViewController.h */ = {isa = PBXFileReference; lastKnownFileType = sourcecode.c.h; path = ViewController.h; sourceTree = "<group>"; };
		E1810CDA1A5BE30200E4499D /* ViewController.m */ = {isa = PBXFileReference; lastKnownFileType = sourcecode.c.objc; path = ViewController.m; sourceTree = "<group>"; };
		E1810CDD1A5BE30200E4499D /* Base */ = {isa = PBXFileReference; lastKnownFileType = file.storyboard; name = Base; path = Base.lproj/Main.storyboard; sourceTree = "<group>"; };
		E1810CDF1A5BE30200E4499D /* Images.xcassets */ = {isa = PBXFileReference; lastKnownFileType = folder.assetcatalog; path = Images.xcassets; sourceTree = "<group>"; };
		E1810CE21A5BE30200E4499D /* Base */ = {isa = PBXFileReference; lastKnownFileType = file.xib; name = Base; path = Base.lproj/LaunchScreen.xib; sourceTree = "<group>"; };
		E1810CE81A5BE30200E4499D /* CemareTestTests.xctest */ = {isa = PBXFileReference; explicitFileType = wrapper.cfbundle; includeInIndex = 0; path = CemareTestTests.xctest; sourceTree = BUILT_PRODUCTS_DIR; };
		E1810CED1A5BE30200E4499D /* Info.plist */ = {isa = PBXFileReference; lastKnownFileType = text.plist.xml; path = Info.plist; sourceTree = "<group>"; };
		E1810CEE1A5BE30200E4499D /* CemareTestTests.m */ = {isa = PBXFileReference; lastKnownFileType = sourcecode.c.objc; path = CemareTestTests.m; sourceTree = "<group>"; };
/* End PBXFileReference section */

/* Begin PBXFrameworksBuildPhase section */
		E1810CCC1A5BE30200E4499D /* Frameworks */ = {
			isa = PBXFrameworksBuildPhase;
			buildActionMask = 2147483647;
			files = (
			);
			runOnlyForDeploymentPostprocessing = 0;
		};
		E1810CE51A5BE30200E4499D /* Frameworks */ = {
			isa = PBXFrameworksBuildPhase;
			buildActionMask = 2147483647;
			files = (
			);
			runOnlyForDeploymentPostprocessing = 0;
		};
/* End PBXFrameworksBuildPhase section */

/* Begin PBXGroup section */
		E1810CC61A5BE30100E4499D = {
			isa = PBXGroup;
			children = (
				E17C68C31A6CEFDB009B1809 /* FirstViewController.h */,
				E17C68C41A6CEFDB009B1809 /* FirstViewController.m */,
				E13DC8EE1A6CEBED00CFA5EA /* SecViewController.h */,
				E13DC8EF1A6CEBED00CFA5EA /* SecViewController.m */,
				E1810CD11A5BE30200E4499D /* CemareTest */,
				E1810CEB1A5BE30200E4499D /* CemareTestTests */,
				E1810CD01A5BE30200E4499D /* Products */,
			);
			sourceTree = "<group>";
		};
		E1810CD01A5BE30200E4499D /* Products */ = {
			isa = PBXGroup;
			children = (
				E1810CCF1A5BE30200E4499D /* CemareTest.app */,
				E1810CE81A5BE30200E4499D /* CemareTestTests.xctest */,
			);
			name = Products;
			sourceTree = "<group>";
		};
		E1810CD11A5BE30200E4499D /* CemareTest */ = {
			isa = PBXGroup;
			children = (
				E1810CD61A5BE30200E4499D /* AppDelegate.h */,
				E1810CD71A5BE30200E4499D /* AppDelegate.m */,
				E1810CD91A5BE30200E4499D /* ViewController.h */,
				E1810CDA1A5BE30200E4499D /* ViewController.m */,
				E1810CDC1A5BE30200E4499D /* Main.storyboard */,
				E1810CDF1A5BE30200E4499D /* Images.xcassets */,
				E1810CE11A5BE30200E4499D /* LaunchScreen.xib */,
				E1810CD21A5BE30200E4499D /* Supporting Files */,
			);
			path = CemareTest;
			sourceTree = "<group>";
		};
		E1810CD21A5BE30200E4499D /* Supporting Files */ = {
			isa = PBXGroup;
			children = (
				E1810CD31A5BE30200E4499D /* Info.plist */,
				E1810CD41A5BE30200E4499D /* main.m */,
			);
			name = "Supporting Files";
			sourceTree = "<group>";
		};
		E1810CEB1A5BE30200E4499D /* CemareTestTests */ = {
			isa = PBXGroup;
			children = (
				E1810CEE1A5BE30200E4499D /* CemareTestTests.m */,
				E1810CEC1A5BE30200E4499D /* Supporting Files */,
			);
			path = CemareTestTests;
			sourceTree = "<group>";
		};
		E1810CEC1A5BE30200E4499D /* Supporting Files */ = {
			isa = PBXGroup;
			children = (
				E1810CED1A5BE30200E4499D /* Info.plist */,
			);
			name = "Supporting Files";
			sourceTree = "<group>";
		};
/* End PBXGroup section */

/* Begin PBXNativeTarget section */
		E1810CCE1A5BE30200E4499D /* CemareTest */ = {
			isa = PBXNativeTarget;
			buildConfigurationList = E1810CF21A5BE30200E4499D /* Build configuration list for PBXNativeTarget "CemareTest" */;
			buildPhases = (
				E1810CCB1A5BE30200E4499D /* Sources */,
				E1810CCC1A5BE30200E4499D /* Frameworks */,
				E1810CCD1A5BE30200E4499D /* Resources */,
			);
			buildRules = (
			);
			dependencies = (
			);
			name = CemareTest;
			productName = CemareTest;
			productReference = E1810CCF1A5BE30200E4499D /* CemareTest.app */;
			productType = "com.apple.product-type.application";
		};
		E1810CE71A5BE30200E4499D /* CemareTestTests */ = {
			isa = PBXNativeTarget;
			buildConfigurationList = E1810CF51A5BE30200E4499D /* Build configuration list for PBXNativeTarget "CemareTestTests" */;
			buildPhases = (
				E1810CE41A5BE30200E4499D /* Sources */,
				E1810CE51A5BE30200E4499D /* Frameworks */,
				E1810CE61A5BE30200E4499D /* Resources */,
			);
			buildRules = (
			);
			dependencies = (
				E1810CEA1A5BE30200E4499D /* PBXTargetDependency */,
			);
			name = CemareTestTests;
			productName = CemareTestTests;
			productReference = E1810CE81A5BE30200E4499D /* CemareTestTests.xctest */;
			productType = "com.apple.product-type.bundle.unit-test";
		};
/* End PBXNativeTarget section */

/* Begin PBXProject section */
		E1810CC71A5BE30200E4499D /* Project object */ = {
			isa = PBXProject;
			attributes = {
				LastUpgradeCheck = 0610;
				ORGANIZATIONNAME = yisucn;
				TargetAttributes = {
					E1810CCE1A5BE30200E4499D = {
						CreatedOnToolsVersion = 6.1;
					};
					E1810CE71A5BE30200E4499D = {
						CreatedOnToolsVersion = 6.1;
						TestTargetID = E1810CCE1A5BE30200E4499D;
					};
				};
			};
			buildConfigurationList = E1810CCA1A5BE30200E4499D /* Build configuration list for PBXProject "CemareTest" */;
			compatibilityVersion = "Xcode 3.2";
			developmentRegion = English;
			hasScannedForEncodings = 0;
			knownRegions = (
				en,
				Base,
			);
			mainGroup = E1810CC61A5BE30100E4499D;
			productRefGroup = E1810CD01A5BE30200E4499D /* Products */;
			projectDirPath = "";
			projectRoot = "";
			targets = (
				E1810CCE1A5BE30200E4499D /* CemareTest */,
				E1810CE71A5BE30200E4499D /* CemareTestTests */,
			);
		};
/* End PBXProject section */

/* Begin PBXResourcesBuildPhase section */
		E1810CCD1A5BE30200E4499D /* Resources */ = {
			isa = PBXResourcesBuildPhase;
			buildActionMask = 2147483647;
			files = (
				E1810CDE1A5BE30200E4499D /* Main.storyboard in Resources */,
				E1810CE31A5BE30200E4499D /* LaunchScreen.xib in Resources */,
				E1810CE01A5BE30200E4499D /* Images.xcassets in Resources */,
			);
			runOnlyForDeploymentPostprocessing = 0;
		};
		E1810CE61A5BE30200E4499D /* Resources */ = {
			isa = PBXResourcesBuildPhase;
			buildActionMask = 2147483647;
			files = (
			);
			runOnlyForDeploymentPostprocessing = 0;
		};
/* End PBXResourcesBuildPhase section */

/* Begin PBXSourcesBuildPhase section */
		E1810CCB1A5BE30200E4499D /* Sources */ = {
			isa = PBXSourcesBuildPhase;
			buildActionMask = 2147483647;
			files = (
				E13DC8F01A6CEBED00CFA5EA /* SecViewController.m in Sources */,
				E1810CDB1A5BE30200E4499D /* ViewController.m in Sources */,
				E17C68C51A6CEFDB009B1809 /* FirstViewController.m in Sources */,
				E1810CD81A5BE30200E4499D /* AppDelegate.m in Sources */,
				E1810CD51A5BE30200E4499D /* main.m in Sources */,
			);
			runOnlyForDeploymentPostprocessing = 0;
		};
		E1810CE41A5BE30200E4499D /* Sources */ = {
			isa = PBXSourcesBuildPhase;
			buildActionMask = 2147483647;
			files = (
				E1810CEF1A5BE30200E4499D /* CemareTestTests.m in Sources */,
			);
			runOnlyForDeploymentPostprocessing = 0;
		};
/* End PBXSourcesBuildPhase section */

/* Begin PBXTargetDependency section */
		E1810CEA1A5BE30200E4499D /* PBXTargetDependency */ = {
			isa = PBXTargetDependency;
			target = E1810CCE1A5BE30200E4499D /* CemareTest */;
			targetProxy = E1810CE91A5BE30200E4499D /* PBXContainerItemProxy */;
		};
/* End PBXTargetDependency section */

/* Begin PBXVariantGroup section */
		E1810CDC1A5BE30200E4499D /* Main.storyboard */ = {
			isa = PBXVariantGroup;
			children = (
				E1810CDD1A5BE30200E4499D /* Base */,
			);
			name = Main.storyboard;
			sourceTree = "<group>";
		};
		E1810CE11A5BE30200E4499D /* LaunchScreen.xib */ = {
			isa = PBXVariantGroup;
			children = (
				E1810CE21A5BE30200E4499D /* Base */,
			);
			name = LaunchScreen.xib;
			sourceTree = "<group>";
		};
/* End PBXVariantGroup section */

/* Begin XCBuildConfiguration section */
		E1810CF01A5BE30200E4499D /* Debug */ = {
			isa = XCBuildConfiguration;
			buildSettings = {
				ALWAYS_SEARCH_USER_PATHS = NO;
				CLANG_CXX_LANGUAGE_STANDARD = "gnu++0x";
				CLANG_CXX_LIBRARY = "libc++";
				CLANG_ENABLE_MODULES = YES;
				CLANG_ENABLE_OBJC_ARC = YES;
				CLANG_WARN_BOOL_CONVERSION = YES;
				CLANG_WARN_CONSTANT_CONVERSION = YES;
				CLANG_WARN_DIRECT_OBJC_ISA_USAGE = YES_ERROR;
				CLANG_WARN_EMPTY_BODY = YES;
				CLANG_WARN_ENUM_CONVERSION = YES;
				CLANG_WARN_INT_CONVERSION = YES;
				CLANG_WARN_OBJC_ROOT_CLASS = YES_ERROR;
				CLANG_WARN_UNREACHABLE_CODE = YES;
				CLANG_WARN__DUPLICATE_METHOD_MATCH = YES;
				"CODE_SIGN_IDENTITY[sdk=iphoneos*]" = "iPhone Developer";
				COPY_PHASE_STRIP = NO;
				ENABLE_STRICT_OBJC_MSGSEND = YES;
				GCC_C_LANGUAGE_STANDARD = gnu99;
				GCC_DYNAMIC_NO_PIC = NO;
				GCC_OPTIMIZATION_LEVEL = 0;
				GCC_PREPROCESSOR_DEFINITIONS = (
					"DEBUG=1",
					"$(inherited)",
				);
				GCC_SYMBOLS_PRIVATE_EXTERN = NO;
				GCC_WARN_64_TO_32_BIT_CONVERSION = YES;
				GCC_WARN_ABOUT_RETURN_TYPE = YES_ERROR;
				GCC_WARN_UNDECLARED_SELECTOR = YES;
				GCC_WARN_UNINITIALIZED_AUTOS = YES_AGGRESSIVE;
				GCC_WARN_UNUSED_FUNCTION = YES;
				GCC_WARN_UNUSED_VARIABLE = YES;
				IPHONEOS_DEPLOYMENT_TARGET = 5.1;
				MTL_ENABLE_DEBUG_INFO = YES;
				ONLY_ACTIVE_ARCH = YES;
				SDKROOT = iphoneos;
				TARGETED_DEVICE_FAMILY = "1,2";
			};
			name = Debug;
		};
		E1810CF11A5BE30200E4499D /* Release */ = {
			isa = XCBuildConfiguration;
			buildSettings = {
				ALWAYS_SEARCH_USER_PATHS = NO;
				CLANG_CXX_LANGUAGE_STANDARD = "gnu++0x";
				CLANG_CXX_LIBRARY = "libc++";
				CLANG_ENABLE_MODULES = YES;
				CLANG_ENABLE_OBJC_ARC = YES;
				CLANG_WARN_BOOL_CONVERSION = YES;
				CLANG_WARN_CONSTANT_CONVERSION = YES;
				CLANG_WARN_DIRECT_OBJC_ISA_USAGE = YES_ERROR;
				CLANG_WARN_EMPTY_BODY = YES;
				CLANG_WARN_ENUM_CONVERSION = YES;
				CLANG_WARN_INT_CONVERSION = YES;
				CLANG_WARN_OBJC_ROOT_CLASS = YES_ERROR;
				CLANG_WARN_UNREACHABLE_CODE = YES;
				CLANG_WARN__DUPLICATE_METHOD_MATCH = YES;
				"CODE_SIGN_IDENTITY[sdk=iphoneos*]" = "iPhone Developer";
				COPY_PHASE_STRIP = YES;
				ENABLE_NS_ASSERTIONS = NO;
				ENABLE_STRICT_OBJC_MSGSEND = YES;
				GCC_C_LANGUAGE_STANDARD = gnu99;
				GCC_WARN_64_TO_32_BIT_CONVERSION = YES;
				GCC_WARN_ABOUT_RETURN_TYPE = YES_ERROR;
				GCC_WARN_UNDECLARED_SELECTOR = YES;
				GCC_WARN_UNINITIALIZED_AUTOS = YES_AGGRESSIVE;
				GCC_WARN_UNUSED_FUNCTION = YES;
				GCC_WARN_UNUSED_VARIABLE = YES;
				IPHONEOS_DEPLOYMENT_TARGET = 5.1;
				MTL_ENABLE_DEBUG_INFO = NO;
				SDKROOT = iphoneos;
				TARGETED_DEVICE_FAMILY = "1,2";
				VALIDATE_PRODUCT = YES;
			};
			name = Release;
		};
		E1810CF31A5BE30200E4499D /* Debug */ = {
			isa = XCBuildConfiguration;
			buildSettings = {
				ASSETCATALOG_COMPILER_APPICON_NAME = AppIcon;
				INFOPLIST_FILE = CemareTest/Info.plist;
				LD_RUNPATH_SEARCH_PATHS = "$(inherited) @executable_path/Frameworks";
				PRODUCT_NAME = "$(TARGET_NAME)";
			};
			name = Debug;
		};
		E1810CF41A5BE30200E4499D /* Release */ = {
			isa = XCBuildConfiguration;
			buildSettings = {
				ASSETCATALOG_COMPILER_APPICON_NAME = AppIcon;
				INFOPLIST_FILE = CemareTest/Info.plist;
				LD_RUNPATH_SEARCH_PATHS = "$(inherited) @executable_path/Frameworks";
				PRODUCT_NAME = "$(TARGET_NAME)";
			};
			name = Release;
		};
		E1810CF61A5BE30200E4499D /* Debug */ = {
			isa = XCBuildConfiguration;
			buildSettings = {
				BUNDLE_LOADER = "$(TEST_HOST)";
				FRAMEWORK_SEARCH_PATHS = (
					"$(SDKROOT)/Developer/Library/Frameworks",
					"$(inherited)",
				);
				GCC_PREPROCESSOR_DEFINITIONS = (
					"DEBUG=1",
					"$(inherited)",
				);
				INFOPLIST_FILE = CemareTestTests/Info.plist;
				LD_RUNPATH_SEARCH_PATHS = "$(inherited) @executable_path/Frameworks @loader_path/Frameworks";
				PRODUCT_NAME = "$(TARGET_NAME)";
				TEST_HOST = "$(BUILT_PRODUCTS_DIR)/CemareTest.app/CemareTest";
			};
			name = Debug;
		};
		E1810CF71A5BE30200E4499D /* Release */ = {
			isa = XCBuildConfiguration;
			buildSettings = {
				BUNDLE_LOADER = "$(TEST_HOST)";
				FRAMEWORK_SEARCH_PATHS = (
					"$(SDKROOT)/Developer/Library/Frameworks",
					"$(inherited)",
				);
				INFOPLIST_FILE = CemareTestTests/Info.plist;
				LD_RUNPATH_SEARCH_PATHS = "$(inherited) @executable_path/Frameworks @loader_path/Frameworks";
				PRODUCT_NAME = "$(TARGET_NAME)";
				TEST_HOST = "$(BUILT_PRODUCTS_DIR)/CemareTest.app/CemareTest";
			};
			name = Release;
		};
/* End XCBuildConfiguration section */

/* Begin XCConfigurationList section */
		E1810CCA1A5BE30200E4499D /* Build configuration list for PBXProject "CemareTest" */ = {
			isa = XCConfigurationList;
			buildConfigurations = (
				E1810CF01A5BE30200E4499D /* Debug */,
				E1810CF11A5BE30200E4499D /* Release */,
			);
			defaultConfigurationIsVisible = 0;
			defaultConfigurationName = Release;
		};
		E1810CF21A5BE30200E4499D /* Build configuration list for PBXNativeTarget "CemareTest" */ = {
			isa = XCConfigurationList;
			buildConfigurations = (
				E1810CF31A5BE30200E4499D /* Debug */,
				E1810CF41A5BE30200E4499D /* Release */,
			);
			defaultConfigurationIsVisible = 0;
			defaultConfigurationName = Release;
		};
		E1810CF51A5BE30200E4499D /* Build configuration list for PBXNativeTarget "CemareTestTests" */ = {
			isa = XCConfigurationList;
			buildConfigurations = (
				E1810CF61A5BE30200E4499D /* Debug */,
				E1810CF71A5BE30200E4499D /* Release */,
			);
			defaultConfigurationIsVisible = 0;
			defaultConfigurationName = Release;
		};
/* End XCConfigurationList section */
	};
	rootObject = E1810CC71A5BE30200E4499D /* Project object */;
}
